{
  "version": 4,
  "terraform_version": "1.5.7",
  "serial": 14,
  "lineage": "cda9c018-987b-4a7d-d9dd-6e61b01bdbd5",
  "outputs": {
    "db_server_iam_role_arn": {
      "value": "arn:aws:iam::975050024946:role/DBServerMonitoringRole",
      "type": "string"
    },
    "db_server_security_group_id": {
      "value": "sg-09470556902ac3fc4",
      "type": "string"
    },
    "internet_gateway_id": {
      "value": "igw-0081d676b1ae3829b",
      "type": "string"
    },
    "public_subnet_id": {
      "value": "subnet-070f725d5ab66cbef",
      "type": "string"
    },
    "vpc_id": {
      "value": "vpc-0321f38a7b594180d",
      "type": "string"
    },
    "web_server_iam_role_arn": {
      "value": "arn:aws:iam::975050024946:role/WebServerMonitoringRole",
      "type": "string"
    },
    "web_server_security_group_id": {
      "value": "sg-07b1a424b7f043e4f",
      "type": "string"
    }
  },
  "resources": [
    {
      "module": "module.ec2",
      "mode": "data",
      "type": "aws_ami",
      "name": "ubuntu",
      "provider": "provider[\"registry.terraform.io/hashicorp/aws\"]",
      "instances": []
    },
    {
      "module": "module.ec2",
      "mode": "managed",
      "type": "aws_instance",
      "name": "db_server",
      "provider": "provider[\"registry.terraform.io/hashicorp/aws\"]",
      "instances": []
    },
    {
      "module": "module.ec2",
      "mode": "managed",
      "type": "aws_instance",
      "name": "web_server",
      "provider": "provider[\"registry.terraform.io/hashicorp/aws\"]",
      "instances": []
    },
    {
      "module": "module.ec2",
      "mode": "managed",
      "type": "aws_security_group",
      "name": "db_server",
      "provider": "provider[\"registry.terraform.io/hashicorp/aws\"]",
      "instances": [
        {
          "schema_version": 1,
          "attributes": {
            "arn": "arn:aws:ec2:us-west-2:975050024946:security-group/sg-09470556902ac3fc4",
            "description": "Security group for MongoDB database server - allows SSH and MongoDB port from web server",
            "egress": [
              {
                "cidr_blocks": [
                  "0.0.0.0/0"
                ],
                "description": "All outbound traffic",
                "from_port": 0,
                "ipv6_cidr_blocks": [],
                "prefix_list_ids": [],
                "protocol": "-1",
                "security_groups": [],
                "self": false,
                "to_port": 0
              }
            ],
            "id": "sg-09470556902ac3fc4",
            "ingress": [
              {
                "cidr_blocks": [
                  "0.0.0.0/0"
                ],
                "description": "SSH",
                "from_port": 22,
                "ipv6_cidr_blocks": [],
                "prefix_list_ids": [],
                "protocol": "tcp",
                "security_groups": [],
                "self": false,
                "to_port": 22
              },
              {
                "cidr_blocks": [],
                "description": "MongoDB",
                "from_port": 27017,
                "ipv6_cidr_blocks": [],
                "prefix_list_ids": [],
                "protocol": "tcp",
                "security_groups": [
                  "sg-07b1a424b7f043e4f"
                ],
                "self": false,
                "to_port": 27017
              }
            ],
            "name": "db-server-sg",
            "name_prefix": "",
            "owner_id": "975050024946",
            "region": "us-west-2",
            "revoke_rules_on_delete": false,
            "tags": {
              "Environment": "Production",
              "ManagedBy": "Terraform",
              "Name": "DB-Server-Security-Group",
              "Project": "TravelMemory"
            },
            "tags_all": {
              "Environment": "Production",
              "ManagedBy": "Terraform",
              "Name": "DB-Server-Security-Group",
              "Project": "TravelMemory"
            },
            "timeouts": null,
            "vpc_id": "vpc-0321f38a7b594180d"
          },
          "sensitive_attributes": [],
          "private": "eyJlMmJmYjczMC1lY2FhLTExZTYtOGY4OC0zNDM2M2JjN2M0YzAiOnsiY3JlYXRlIjo2MDAwMDAwMDAwMDAsImRlbGV0ZSI6OTAwMDAwMDAwMDAwfSwic2NoZW1hX3ZlcnNpb24iOiIxIn0=",
          "dependencies": [
            "module.ec2.aws_security_group.web_server",
            "module.iam.aws_iam_instance_profile.db_server",
            "module.iam.aws_iam_instance_profile.web_server",
            "module.iam.aws_iam_role.db_server_role",
            "module.iam.aws_iam_role.web_server_role",
            "module.iam.aws_iam_role_policy_attachment.db_server_cloudwatch_agent",
            "module.iam.aws_iam_role_policy_attachment.db_server_cloudwatch_full",
            "module.iam.aws_iam_role_policy_attachment.web_server_cloudwatch_agent",
            "module.iam.aws_iam_role_policy_attachment.web_server_cloudwatch_full",
            "module.iam.data.aws_iam_policy.cloudwatch_agent_server_policy",
            "module.iam.data.aws_iam_policy.cloudwatch_full_access",
            "module.iam.data.aws_iam_policy_document.ec2_instance_connect",
            "module.vpc.data.aws_internet_gateway.default",
            "module.vpc.data.aws_route_table.default",
            "module.vpc.data.aws_subnet.public",
            "module.vpc.data.aws_subnets.default",
            "module.vpc.data.aws_vpc.default"
          ]
        }
      ]
    },
    {
      "module": "module.ec2",
      "mode": "managed",
      "type": "aws_security_group",
      "name": "web_server",
      "provider": "provider[\"registry.terraform.io/hashicorp/aws\"]",
      "instances": [
        {
          "schema_version": 1,
          "attributes": {
            "arn": "arn:aws:ec2:us-west-2:975050024946:security-group/sg-07b1a424b7f043e4f",
            "description": "Security group for MERN web server - allows HTTP, HTTPS, and SSH",
            "egress": [
              {
                "cidr_blocks": [
                  "0.0.0.0/0"
                ],
                "description": "All outbound traffic",
                "from_port": 0,
                "ipv6_cidr_blocks": [],
                "prefix_list_ids": [],
                "protocol": "-1",
                "security_groups": [],
                "self": false,
                "to_port": 0
              }
            ],
            "id": "sg-07b1a424b7f043e4f",
            "ingress": [
              {
                "cidr_blocks": [
                  "0.0.0.0/0"
                ],
                "description": "HTTP",
                "from_port": 80,
                "ipv6_cidr_blocks": [],
                "prefix_list_ids": [],
                "protocol": "tcp",
                "security_groups": [],
                "self": false,
                "to_port": 80
              },
              {
                "cidr_blocks": [
                  "0.0.0.0/0"
                ],
                "description": "HTTPS",
                "from_port": 443,
                "ipv6_cidr_blocks": [],
                "prefix_list_ids": [],
                "protocol": "tcp",
                "security_groups": [],
                "self": false,
                "to_port": 443
              },
              {
                "cidr_blocks": [
                  "0.0.0.0/0"
                ],
                "description": "SSH",
                "from_port": 22,
                "ipv6_cidr_blocks": [],
                "prefix_list_ids": [],
                "protocol": "tcp",
                "security_groups": [],
                "self": false,
                "to_port": 22
              }
            ],
            "name": "web-server-sg",
            "name_prefix": "",
            "owner_id": "975050024946",
            "region": "us-west-2",
            "revoke_rules_on_delete": false,
            "tags": {
              "Environment": "Production",
              "ManagedBy": "Terraform",
              "Name": "Web-Server-Security-Group",
              "Project": "TravelMemory"
            },
            "tags_all": {
              "Environment": "Production",
              "ManagedBy": "Terraform",
              "Name": "Web-Server-Security-Group",
              "Project": "TravelMemory"
            },
            "timeouts": null,
            "vpc_id": "vpc-0321f38a7b594180d"
          },
          "sensitive_attributes": [],
          "private": "eyJlMmJmYjczMC1lY2FhLTExZTYtOGY4OC0zNDM2M2JjN2M0YzAiOnsiY3JlYXRlIjo2MDAwMDAwMDAwMDAsImRlbGV0ZSI6OTAwMDAwMDAwMDAwfSwic2NoZW1hX3ZlcnNpb24iOiIxIn0=",
          "dependencies": [
            "module.iam.aws_iam_instance_profile.db_server",
            "module.iam.aws_iam_instance_profile.web_server",
            "module.iam.aws_iam_role.db_server_role",
            "module.iam.aws_iam_role.web_server_role",
            "module.iam.aws_iam_role_policy_attachment.db_server_cloudwatch_agent",
            "module.iam.aws_iam_role_policy_attachment.db_server_cloudwatch_full",
            "module.iam.aws_iam_role_policy_attachment.web_server_cloudwatch_agent",
            "module.iam.aws_iam_role_policy_attachment.web_server_cloudwatch_full",
            "module.iam.data.aws_iam_policy.cloudwatch_agent_server_policy",
            "module.iam.data.aws_iam_policy.cloudwatch_full_access",
            "module.iam.data.aws_iam_policy_document.ec2_instance_connect",
            "module.vpc.data.aws_internet_gateway.default",
            "module.vpc.data.aws_route_table.default",
            "module.vpc.data.aws_subnet.public",
            "module.vpc.data.aws_subnets.default",
            "module.vpc.data.aws_vpc.default"
          ]
        }
      ]
    },
    {
      "module": "module.iam",
      "mode": "data",
      "type": "aws_iam_policy",
      "name": "cloudwatch_agent_server_policy",
      "provider": "provider[\"registry.terraform.io/hashicorp/aws\"]",
      "instances": [
        {
          "schema_version": 0,
          "attributes": {
            "arn": "arn:aws:iam::aws:policy/CloudWatchAgentServerPolicy",
            "attachment_count": 20,
            "description": "Permissions required to use AmazonCloudWatchAgent on servers",
            "id": "arn:aws:iam::aws:policy/CloudWatchAgentServerPolicy",
            "name": "CloudWatchAgentServerPolicy",
            "path": "/",
            "path_prefix": null,
            "policy": "{\"Statement\":[{\"Action\":[\"cloudwatch:PutMetricData\",\"ec2:DescribeVolumes\",\"ec2:DescribeTags\",\"logs:PutLogEvents\",\"logs:PutRetentionPolicy\",\"logs:DescribeLogStreams\",\"logs:DescribeLogGroups\",\"logs:CreateLogStream\",\"logs:CreateLogGroup\",\"xray:PutTraceSegments\",\"xray:PutTelemetryRecords\",\"xray:GetSamplingRules\",\"xray:GetSamplingTargets\",\"xray:GetSamplingStatisticSummaries\"],\"Effect\":\"Allow\",\"Resource\":\"*\",\"Sid\":\"CWACloudWatchServerPermissions\"},{\"Action\":[\"ssm:GetParameter\"],\"Effect\":\"Allow\",\"Resource\":\"arn:aws:ssm:*:*:parameter/AmazonCloudWatch-*\",\"Sid\":\"CWASSMServerPermissions\"}],\"Version\":\"2012-10-17\"}",
            "policy_id": "ANPAIGOPKN7KRDAKTLG4I",
            "tags": {}
          },
          "sensitive_attributes": []
        }
      ]
    },
    {
      "module": "module.iam",
      "mode": "data",
      "type": "aws_iam_policy",
      "name": "cloudwatch_full_access",
      "provider": "provider[\"registry.terraform.io/hashicorp/aws\"]",
      "instances": [
        {
          "schema_version": 0,
          "attributes": {
            "arn": "arn:aws:iam::aws:policy/CloudWatchFullAccess",
            "attachment_count": 10,
            "description": "Provides full access to CloudWatch.",
            "id": "arn:aws:iam::aws:policy/CloudWatchFullAccess",
            "name": "CloudWatchFullAccess",
            "path": "/",
            "path_prefix": null,
            "policy": "{\"Statement\":[{\"Action\":[\"autoscaling:Describe*\",\"cloudwatch:*\",\"logs:*\",\"sns:*\",\"iam:GetPolicy\",\"iam:GetPolicyVersion\",\"iam:GetRole\",\"oam:ListSinks\"],\"Effect\":\"Allow\",\"Resource\":\"*\"},{\"Action\":\"iam:CreateServiceLinkedRole\",\"Condition\":{\"StringLike\":{\"iam:AWSServiceName\":\"events.amazonaws.com\"}},\"Effect\":\"Allow\",\"Resource\":\"arn:aws:iam::*:role/aws-service-role/events.amazonaws.com/AWSServiceRoleForCloudWatchEvents*\"},{\"Action\":[\"oam:ListAttachedLinks\"],\"Effect\":\"Allow\",\"Resource\":\"arn:aws:oam:*:*:sink/*\"}],\"Version\":\"2012-10-17\"}",
            "policy_id": "ANPAIKEABORKUXN6DEAZU",
            "tags": {}
          },
          "sensitive_attributes": []
        }
      ]
    },
    {
      "module": "module.iam",
      "mode": "data",
      "type": "aws_iam_policy_document",
      "name": "ec2_instance_connect",
      "provider": "provider[\"registry.terraform.io/hashicorp/aws\"]",
      "instances": [
        {
          "schema_version": 0,
          "attributes": {
            "id": "292591172",
            "json": "{\n  \"Version\": \"2012-10-17\",\n  \"Statement\": [\n    {\n      \"Effect\": \"Allow\",\n      \"Action\": [\n        \"ec2:DescribeTags\",\n        \"ec2:DescribeInstances\"\n      ],\n      \"Resource\": \"*\"\n    }\n  ]\n}",
            "minified_json": "{\"Version\":\"2012-10-17\",\"Statement\":[{\"Effect\":\"Allow\",\"Action\":[\"ec2:DescribeTags\",\"ec2:DescribeInstances\"],\"Resource\":\"*\"}]}",
            "override_json": null,
            "override_policy_documents": null,
            "policy_id": null,
            "source_json": null,
            "source_policy_documents": null,
            "statement": [
              {
                "actions": [
                  "ec2:DescribeInstances",
                  "ec2:DescribeTags"
                ],
                "condition": [],
                "effect": "Allow",
                "not_actions": [],
                "not_principals": [],
                "not_resources": [],
                "principals": [],
                "resources": [
                  "*"
                ],
                "sid": ""
              }
            ],
            "version": "2012-10-17"
          },
          "sensitive_attributes": []
        }
      ]
    },
    {
      "module": "module.iam",
      "mode": "managed",
      "type": "aws_iam_instance_profile",
      "name": "db_server",
      "provider": "provider[\"registry.terraform.io/hashicorp/aws\"]",
      "instances": [
        {
          "schema_version": 0,
          "attributes": {
            "arn": "arn:aws:iam::975050024946:instance-profile/DBServerInstanceProfile",
            "create_date": "2025-11-16T07:04:37Z",
            "id": "DBServerInstanceProfile",
            "name": "DBServerInstanceProfile",
            "name_prefix": "",
            "path": "/",
            "role": "DBServerMonitoringRole",
            "tags": null,
            "tags_all": {},
            "unique_id": "AIPA6GBMCU7ZNCWHUY5TA"
          },
          "sensitive_attributes": [],
          "private": "bnVsbA==",
          "dependencies": [
            "module.iam.aws_iam_role.db_server_role"
          ]
        }
      ]
    },
    {
      "module": "module.iam",
      "mode": "managed",
      "type": "aws_iam_instance_profile",
      "name": "web_server",
      "provider": "provider[\"registry.terraform.io/hashicorp/aws\"]",
      "instances": [
        {
          "schema_version": 0,
          "attributes": {
            "arn": "arn:aws:iam::975050024946:instance-profile/WebServerInstanceProfile",
            "create_date": "2025-11-16T07:04:37Z",
            "id": "WebServerInstanceProfile",
            "name": "WebServerInstanceProfile",
            "name_prefix": "",
            "path": "/",
            "role": "WebServerMonitoringRole",
            "tags": null,
            "tags_all": {},
            "unique_id": "AIPA6GBMCU7ZF6RMHTQUO"
          },
          "sensitive_attributes": [],
          "private": "bnVsbA==",
          "dependencies": [
            "module.iam.aws_iam_role.web_server_role"
          ]
        }
      ]
    },
    {
      "module": "module.iam",
      "mode": "managed",
      "type": "aws_iam_role",
      "name": "db_server_role",
      "provider": "provider[\"registry.terraform.io/hashicorp/aws\"]",
      "instances": [
        {
          "schema_version": 0,
          "attributes": {
            "arn": "arn:aws:iam::975050024946:role/DBServerMonitoringRole",
            "assume_role_policy": "{\"Statement\":[{\"Action\":\"sts:AssumeRole\",\"Effect\":\"Allow\",\"Principal\":{\"Service\":\"ec2.amazonaws.com\"}}],\"Version\":\"2012-10-17\"}",
            "create_date": "2025-11-16T07:01:33Z",
            "description": "",
            "force_detach_policies": false,
            "id": "DBServerMonitoringRole",
            "inline_policy": [],
            "managed_policy_arns": [
              "arn:aws:iam::aws:policy/CloudWatchAgentServerPolicy",
              "arn:aws:iam::aws:policy/CloudWatchFullAccess"
            ],
            "max_session_duration": 3600,
            "name": "DBServerMonitoringRole",
            "name_prefix": "",
            "path": "/",
            "permissions_boundary": "",
            "tags": {
              "Environment": "Production",
              "ManagedBy": "Terraform",
              "Name": "DB-Server-Monitoring-Role",
              "Project": "TravelMemory"
            },
            "tags_all": {
              "Environment": "Production",
              "ManagedBy": "Terraform",
              "Name": "DB-Server-Monitoring-Role",
              "Project": "TravelMemory"
            },
            "unique_id": "AROA6GBMCU7ZL7L7VT3CF"
          },
          "sensitive_attributes": [],
          "private": "bnVsbA=="
        }
      ]
    },
    {
      "module": "module.iam",
      "mode": "managed",
      "type": "aws_iam_role",
      "name": "web_server_role",
      "provider": "provider[\"registry.terraform.io/hashicorp/aws\"]",
      "instances": [
        {
          "schema_version": 0,
          "attributes": {
            "arn": "arn:aws:iam::975050024946:role/WebServerMonitoringRole",
            "assume_role_policy": "{\"Statement\":[{\"Action\":\"sts:AssumeRole\",\"Effect\":\"Allow\",\"Principal\":{\"Service\":\"ec2.amazonaws.com\"}}],\"Version\":\"2012-10-17\"}",
            "create_date": "2025-11-16T07:01:33Z",
            "description": "",
            "force_detach_policies": false,
            "id": "WebServerMonitoringRole",
            "inline_policy": [],
            "managed_policy_arns": [
              "arn:aws:iam::aws:policy/CloudWatchAgentServerPolicy",
              "arn:aws:iam::aws:policy/CloudWatchFullAccess"
            ],
            "max_session_duration": 3600,
            "name": "WebServerMonitoringRole",
            "name_prefix": "",
            "path": "/",
            "permissions_boundary": "",
            "tags": {
              "Environment": "Production",
              "ManagedBy": "Terraform",
              "Name": "Web-Server-Monitoring-Role",
              "Project": "TravelMemory"
            },
            "tags_all": {
              "Environment": "Production",
              "ManagedBy": "Terraform",
              "Name": "Web-Server-Monitoring-Role",
              "Project": "TravelMemory"
            },
            "unique_id": "AROA6GBMCU7ZGN2F2KSRJ"
          },
          "sensitive_attributes": [],
          "private": "bnVsbA=="
        }
      ]
    },
    {
      "module": "module.iam",
      "mode": "managed",
      "type": "aws_iam_role_policy_attachment",
      "name": "db_server_cloudwatch_agent",
      "provider": "provider[\"registry.terraform.io/hashicorp/aws\"]",
      "instances": [
        {
          "schema_version": 0,
          "attributes": {
            "id": "DBServerMonitoringRole/arn:aws:iam::aws:policy/CloudWatchAgentServerPolicy",
            "policy_arn": "arn:aws:iam::aws:policy/CloudWatchAgentServerPolicy",
            "role": "DBServerMonitoringRole"
          },
          "sensitive_attributes": [],
          "private": "bnVsbA==",
          "dependencies": [
            "module.iam.aws_iam_role.db_server_role",
            "module.iam.data.aws_iam_policy.cloudwatch_agent_server_policy"
          ]
        }
      ]
    },
    {
      "module": "module.iam",
      "mode": "managed",
      "type": "aws_iam_role_policy_attachment",
      "name": "db_server_cloudwatch_full",
      "provider": "provider[\"registry.terraform.io/hashicorp/aws\"]",
      "instances": [
        {
          "schema_version": 0,
          "attributes": {
            "id": "DBServerMonitoringRole/arn:aws:iam::aws:policy/CloudWatchFullAccess",
            "policy_arn": "arn:aws:iam::aws:policy/CloudWatchFullAccess",
            "role": "DBServerMonitoringRole"
          },
          "sensitive_attributes": [],
          "private": "bnVsbA==",
          "dependencies": [
            "module.iam.aws_iam_role.db_server_role",
            "module.iam.data.aws_iam_policy.cloudwatch_full_access"
          ]
        }
      ]
    },
    {
      "module": "module.iam",
      "mode": "managed",
      "type": "aws_iam_role_policy_attachment",
      "name": "web_server_cloudwatch_agent",
      "provider": "provider[\"registry.terraform.io/hashicorp/aws\"]",
      "instances": [
        {
          "schema_version": 0,
          "attributes": {
            "id": "WebServerMonitoringRole/arn:aws:iam::aws:policy/CloudWatchAgentServerPolicy",
            "policy_arn": "arn:aws:iam::aws:policy/CloudWatchAgentServerPolicy",
            "role": "WebServerMonitoringRole"
          },
          "sensitive_attributes": [],
          "private": "bnVsbA==",
          "dependencies": [
            "module.iam.aws_iam_role.web_server_role",
            "module.iam.data.aws_iam_policy.cloudwatch_agent_server_policy"
          ]
        }
      ]
    },
    {
      "module": "module.iam",
      "mode": "managed",
      "type": "aws_iam_role_policy_attachment",
      "name": "web_server_cloudwatch_full",
      "provider": "provider[\"registry.terraform.io/hashicorp/aws\"]",
      "instances": [
        {
          "schema_version": 0,
          "attributes": {
            "id": "WebServerMonitoringRole/arn:aws:iam::aws:policy/CloudWatchFullAccess",
            "policy_arn": "arn:aws:iam::aws:policy/CloudWatchFullAccess",
            "role": "WebServerMonitoringRole"
          },
          "sensitive_attributes": [],
          "private": "bnVsbA==",
          "dependencies": [
            "module.iam.aws_iam_role.web_server_role",
            "module.iam.data.aws_iam_policy.cloudwatch_full_access"
          ]
        }
      ]
    },
    {
      "module": "module.vpc",
      "mode": "data",
      "type": "aws_internet_gateway",
      "name": "default",
      "provider": "provider[\"registry.terraform.io/hashicorp/aws\"]",
      "instances": [
        {
          "schema_version": 0,
          "attributes": {
            "arn": "arn:aws:ec2:us-west-2:975050024946:internet-gateway/igw-0081d676b1ae3829b",
            "attachments": [
              {
                "state": "available",
                "vpc_id": "vpc-0321f38a7b594180d"
              }
            ],
            "filter": [
              {
                "name": "attachment.vpc-id",
                "values": [
                  "vpc-0321f38a7b594180d"
                ]
              }
            ],
            "id": "igw-0081d676b1ae3829b",
            "internet_gateway_id": "igw-0081d676b1ae3829b",
            "owner_id": "975050024946",
            "region": "us-west-2",
            "tags": {},
            "timeouts": null
          },
          "sensitive_attributes": []
        }
      ]
    },
    {
      "module": "module.vpc",
      "mode": "data",
      "type": "aws_route_table",
      "name": "default",
      "provider": "provider[\"registry.terraform.io/hashicorp/aws\"]",
      "instances": [
        {
          "schema_version": 0,
          "attributes": {
            "arn": "arn:aws:ec2:us-west-2:975050024946:route-table/rtb-073c8dfa25a887a16",
            "associations": [
              {
                "gateway_id": "",
                "main": true,
                "route_table_association_id": "rtbassoc-00b6da083a927c003",
                "route_table_id": "rtb-073c8dfa25a887a16",
                "subnet_id": ""
              }
            ],
            "filter": [
              {
                "name": "association.main",
                "values": [
                  "true"
                ]
              }
            ],
            "gateway_id": null,
            "id": "rtb-073c8dfa25a887a16",
            "owner_id": "975050024946",
            "region": "us-west-2",
            "route_table_id": "rtb-073c8dfa25a887a16",
            "routes": [
              {
                "carrier_gateway_id": "",
                "cidr_block": "0.0.0.0/0",
                "core_network_arn": "",
                "destination_prefix_list_id": "",
                "egress_only_gateway_id": "",
                "gateway_id": "igw-0081d676b1ae3829b",
                "instance_id": "",
                "ipv6_cidr_block": "",
                "local_gateway_id": "",
                "nat_gateway_id": "",
                "network_interface_id": "",
                "transit_gateway_id": "",
                "vpc_endpoint_id": "",
                "vpc_peering_connection_id": ""
              }
            ],
            "subnet_id": null,
            "tags": {
              "Name": "private-route-table "
            },
            "timeouts": null,
            "vpc_id": "vpc-0321f38a7b594180d"
          },
          "sensitive_attributes": []
        }
      ]
    },
    {
      "module": "module.vpc",
      "mode": "data",
      "type": "aws_subnet",
      "name": "public",
      "provider": "provider[\"registry.terraform.io/hashicorp/aws\"]",
      "instances": [
        {
          "index_key": 0,
          "schema_version": 0,
          "attributes": {
            "arn": "arn:aws:ec2:us-west-2:975050024946:subnet/subnet-070f725d5ab66cbef",
            "assign_ipv6_address_on_creation": false,
            "availability_zone": "us-west-2a",
            "availability_zone_id": "usw2-az2",
            "available_ip_address_count": 4089,
            "cidr_block": "172.31.64.0/20",
            "customer_owned_ipv4_pool": "",
            "default_for_az": false,
            "enable_dns64": false,
            "enable_lni_at_device_index": 0,
            "enable_resource_name_dns_a_record_on_launch": false,
            "enable_resource_name_dns_aaaa_record_on_launch": false,
            "filter": null,
            "id": "subnet-070f725d5ab66cbef",
            "ipv6_cidr_block": "",
            "ipv6_cidr_block_association_id": "",
            "ipv6_native": false,
            "map_customer_owned_ip_on_launch": false,
            "map_public_ip_on_launch": true,
            "outpost_arn": "",
            "owner_id": "975050024946",
            "private_dns_hostname_type_on_launch": "ip-name",
            "region": "us-west-2",
            "state": "available",
            "tags": {
              "Name": "public-subnet"
            },
            "timeouts": null,
            "vpc_id": "vpc-0321f38a7b594180d"
          },
          "sensitive_attributes": []
        },
        {
          "index_key": 1,
          "schema_version": 0,
          "attributes": {
            "arn": "arn:aws:ec2:us-west-2:975050024946:subnet/subnet-03ca36de9a927fe8e",
            "assign_ipv6_address_on_creation": false,
            "availability_zone": "us-west-2b",
            "availability_zone_id": "usw2-az1",
            "available_ip_address_count": 4090,
            "cidr_block": "172.31.16.0/20",
            "customer_owned_ipv4_pool": "",
            "default_for_az": true,
            "enable_dns64": false,
            "enable_lni_at_device_index": 0,
            "enable_resource_name_dns_a_record_on_launch": false,
            "enable_resource_name_dns_aaaa_record_on_launch": false,
            "filter": null,
            "id": "subnet-03ca36de9a927fe8e",
            "ipv6_cidr_block": "",
            "ipv6_cidr_block_association_id": "",
            "ipv6_native": false,
            "map_customer_owned_ip_on_launch": false,
            "map_public_ip_on_launch": true,
            "outpost_arn": "",
            "owner_id": "975050024946",
            "private_dns_hostname_type_on_launch": "ip-name",
            "region": "us-west-2",
            "state": "available",
            "tags": {
              "Name": "private-subnet"
            },
            "timeouts": null,
            "vpc_id": "vpc-0321f38a7b594180d"
          },
          "sensitive_attributes": []
        },
        {
          "index_key": 2,
          "schema_version": 0,
          "attributes": {
            "arn": "arn:aws:ec2:us-west-2:975050024946:subnet/subnet-06bd72b2e4cb41d10",
            "assign_ipv6_address_on_creation": false,
            "availability_zone": "us-west-2a",
            "availability_zone_id": "usw2-az2",
            "available_ip_address_count": 4055,
            "cidr_block": "172.31.32.0/20",
            "customer_owned_ipv4_pool": "",
            "default_for_az": true,
            "enable_dns64": false,
            "enable_lni_at_device_index": 0,
            "enable_resource_name_dns_a_record_on_launch": false,
            "enable_resource_name_dns_aaaa_record_on_launch": false,
            "filter": null,
            "id": "subnet-06bd72b2e4cb41d10",
            "ipv6_cidr_block": "",
            "ipv6_cidr_block_association_id": "",
            "ipv6_native": false,
            "map_customer_owned_ip_on_launch": false,
            "map_public_ip_on_launch": true,
            "outpost_arn": "",
            "owner_id": "975050024946",
            "private_dns_hostname_type_on_launch": "ip-name",
            "region": "us-west-2",
            "state": "available",
            "tags": {
              "Name": "private-subnet"
            },
            "timeouts": null,
            "vpc_id": "vpc-0321f38a7b594180d"
          },
          "sensitive_attributes": []
        },
        {
          "index_key": 3,
          "schema_version": 0,
          "attributes": {
            "arn": "arn:aws:ec2:us-west-2:975050024946:subnet/subnet-00803467e37d6855f",
            "assign_ipv6_address_on_creation": false,
            "availability_zone": "us-west-2b",
            "availability_zone_id": "usw2-az1",
            "available_ip_address_count": 247,
            "cidr_block": "172.31.1.0/24",
            "customer_owned_ipv4_pool": "",
            "default_for_az": false,
            "enable_dns64": false,
            "enable_lni_at_device_index": 0,
            "enable_resource_name_dns_a_record_on_launch": false,
            "enable_resource_name_dns_aaaa_record_on_launch": false,
            "filter": null,
            "id": "subnet-00803467e37d6855f",
            "ipv6_cidr_block": "",
            "ipv6_cidr_block_association_id": "",
            "ipv6_native": false,
            "map_customer_owned_ip_on_launch": false,
            "map_public_ip_on_launch": false,
            "outpost_arn": "",
            "owner_id": "975050024946",
            "private_dns_hostname_type_on_launch": "ip-name",
            "region": "us-west-2",
            "state": "available",
            "tags": {
              "Name": "mern-subnet2"
            },
            "timeouts": null,
            "vpc_id": "vpc-0321f38a7b594180d"
          },
          "sensitive_attributes": []
        },
        {
          "index_key": 4,
          "schema_version": 0,
          "attributes": {
            "arn": "arn:aws:ec2:us-west-2:975050024946:subnet/subnet-0b5707f3d78e1c9be",
            "assign_ipv6_address_on_creation": false,
            "availability_zone": "us-west-2a",
            "availability_zone_id": "usw2-az2",
            "available_ip_address_count": 251,
            "cidr_block": "172.31.0.0/24",
            "customer_owned_ipv4_pool": "",
            "default_for_az": false,
            "enable_dns64": false,
            "enable_lni_at_device_index": 0,
            "enable_resource_name_dns_a_record_on_launch": false,
            "enable_resource_name_dns_aaaa_record_on_launch": false,
            "filter": null,
            "id": "subnet-0b5707f3d78e1c9be",
            "ipv6_cidr_block": "",
            "ipv6_cidr_block_association_id": "",
            "ipv6_native": false,
            "map_customer_owned_ip_on_launch": false,
            "map_public_ip_on_launch": false,
            "outpost_arn": "",
            "owner_id": "975050024946",
            "private_dns_hostname_type_on_launch": "ip-name",
            "region": "us-west-2",
            "state": "available",
            "tags": {
              "Name": "mern-subnet1"
            },
            "timeouts": null,
            "vpc_id": "vpc-0321f38a7b594180d"
          },
          "sensitive_attributes": []
        },
        {
          "index_key": 5,
          "schema_version": 0,
          "attributes": {
            "arn": "arn:aws:ec2:us-west-2:975050024946:subnet/subnet-09bd0e0acc92d4efa",
            "assign_ipv6_address_on_creation": false,
            "availability_zone": "us-west-2d",
            "availability_zone_id": "usw2-az4",
            "available_ip_address_count": 4087,
            "cidr_block": "172.31.48.0/20",
            "customer_owned_ipv4_pool": "",
            "default_for_az": true,
            "enable_dns64": false,
            "enable_lni_at_device_index": 0,
            "enable_resource_name_dns_a_record_on_launch": false,
            "enable_resource_name_dns_aaaa_record_on_launch": false,
            "filter": null,
            "id": "subnet-09bd0e0acc92d4efa",
            "ipv6_cidr_block": "",
            "ipv6_cidr_block_association_id": "",
            "ipv6_native": false,
            "map_customer_owned_ip_on_launch": false,
            "map_public_ip_on_launch": true,
            "outpost_arn": "",
            "owner_id": "975050024946",
            "private_dns_hostname_type_on_launch": "ip-name",
            "region": "us-west-2",
            "state": "available",
            "tags": {
              "Name": "public-subnet"
            },
            "timeouts": null,
            "vpc_id": "vpc-0321f38a7b594180d"
          },
          "sensitive_attributes": []
        }
      ]
    },
    {
      "module": "module.vpc",
      "mode": "data",
      "type": "aws_subnets",
      "name": "default",
      "provider": "provider[\"registry.terraform.io/hashicorp/aws\"]",
      "instances": [
        {
          "schema_version": 0,
          "attributes": {
            "filter": [
              {
                "name": "vpc-id",
                "values": [
                  "vpc-0321f38a7b594180d"
                ]
              }
            ],
            "id": "us-west-2",
            "ids": [
              "subnet-070f725d5ab66cbef",
              "subnet-03ca36de9a927fe8e",
              "subnet-06bd72b2e4cb41d10",
              "subnet-00803467e37d6855f",
              "subnet-0b5707f3d78e1c9be",
              "subnet-09bd0e0acc92d4efa"
            ],
            "region": "us-west-2",
            "tags": null,
            "timeouts": null
          },
          "sensitive_attributes": []
        }
      ]
    },
    {
      "module": "module.vpc",
      "mode": "data",
      "type": "aws_vpc",
      "name": "default",
      "provider": "provider[\"registry.terraform.io/hashicorp/aws\"]",
      "instances": [
        {
          "schema_version": 0,
          "attributes": {
            "arn": "arn:aws:ec2:us-west-2:975050024946:vpc/vpc-0321f38a7b594180d",
            "cidr_block": "172.31.0.0/16",
            "cidr_block_associations": [
              {
                "association_id": "vpc-cidr-assoc-00045d07c1afeb107",
                "cidr_block": "172.31.0.0/16",
                "state": "associated"
              }
            ],
            "default": true,
            "dhcp_options_id": "dopt-0182df0df006bd917",
            "enable_dns_hostnames": true,
            "enable_dns_support": true,
            "enable_network_address_usage_metrics": false,
            "filter": null,
            "id": "vpc-0321f38a7b594180d",
            "instance_tenancy": "default",
            "ipv6_association_id": "",
            "ipv6_cidr_block": "",
            "main_route_table_id": "rtb-073c8dfa25a887a16",
            "owner_id": "975050024946",
            "region": "us-west-2",
            "state": null,
            "tags": {},
            "timeouts": null
          },
          "sensitive_attributes": []
        }
      ]
    }
  ],
  "check_results": null
}
